# This file is automatically @generated by Wally.
# It is not intended for manual editing.
registry = "test"

[[package]]
name = "howmanysmall/janitor"
version = "1.15.3"
dependencies = []

[[package]]
name = "somem/boids"
version = "0.1.0"
dependencies = [["janitor", "howmanysmall/janitor@1.15.3"]]
